
Microsoft Visual Studio Solution File, Format Version 12.00
# Visual Studio Version 17
VisualStudioVersion = 17.10.35122.118
MinimumVisualStudioVersion = 10.0.40219.1
Project("{FAE04EC0-301F-11D3-BF4B-00C04F79EFBC}") = "StudentCourseApp", "StudentCourseApp\StudentCourseApp.csproj", "{2D81D310-EC46-42C6-BF92-22CE153D785D}"
EndProject
Global
	GlobalSection(SolutionConfigurationPlatforms) = preSolution
		Debug|Any CPU = Debug|Any CPU
		Release|Any CPU = Release|Any CPU
	EndGlobalSection
	GlobalSection(ProjectConfigurationPlatforms) = postSolution
		{2D81D310-EC46-42C6-BF92-22CE153D785D}.Debug|Any CPU.ActiveCfg = Debug|Any CPU
		{2D81D310-EC46-42C6-BF92-22CE153D785D}.Debug|Any CPU.Build.0 = Debug|Any CPU
		{2D81D310-EC46-42C6-BF92-22CE153D785D}.Release|Any CPU.ActiveCfg = Release|Any CPU
		{2D81D310-EC46-42C6-BF92-22CE153D785D}.Release|Any CPU.Build.0 = Release|Any CPU
	EndGlobalSection
	GlobalSection(SolutionProperties) = preSolution
		HideSolutionNode = FALSE
	EndGlobalSection
	GlobalSection(ExtensibilityGlobals) = postSolution
		SolutionGuid = {0C338934-2AFC-4E19-8E34-C02BCE4FA641}
	EndGlobalSection
EndGlobal
